
Microsoft Visual Studio Solution File, Format Version 12.00
# Visual Studio 15
VisualStudioVersion = 15.0.26228.12
MinimumVisualStudioVersion = 10.0.40219.1
Project("{FAE04EC0-301F-11D3-BF4B-00C04F79EFBC}") = "TestASP.NetIdentity.UI", "TestASP.NetIdentity.UI\TestASP.NetIdentity.UI.csproj", "{79178646-3A37-4881-9055-57A5681F34DD}"
EndProject
Project("{FAE04EC0-301F-11D3-BF4B-00C04F79EFBC}") = "TestASP.NetIdentity.DataAccess", "TestASP.NetIdentity.DataAccess\TestASP.NetIdentity.DataAccess.csproj", "{8C2BB6E9-9C58-4AAF-BC63-30B03A35F071}"
EndProject
Project("{FAE04EC0-301F-11D3-BF4B-00C04F79EFBC}") = "TestASP.NetIdentity.DomainEntities", "TestASP.NetIdentity.DomainEntities\TestASP.NetIdentity.DomainEntities.csproj", "{5C803316-1130-4F99-A7C7-E34A01240E02}"
EndProject
Project("{FAE04EC0-301F-11D3-BF4B-00C04F79EFBC}") = "TestASP.NetIdentity.Service", "TestASP.NetIdentity.Service\TestASP.NetIdentity.Service.csproj", "{77B95C9B-1DCB-4A7F-A6DE-A9A30497CE94}"
EndProject
Project("{FAE04EC0-301F-11D3-BF4B-00C04F79EFBC}") = "TestASP.NetIdentity.Biz", "TestASP.NetIdentity.Biz\TestASP.NetIdentity.Biz.csproj", "{DB6F1FF1-CB71-4A70-85ED-96F06F6BCEA2}"
EndProject
Global
	GlobalSection(SolutionConfigurationPlatforms) = preSolution
		Debug|Any CPU = Debug|Any CPU
		Release|Any CPU = Release|Any CPU
	EndGlobalSection
	GlobalSection(ProjectConfigurationPlatforms) = postSolution
		{79178646-3A37-4881-9055-57A5681F34DD}.Debug|Any CPU.ActiveCfg = Debug|Any CPU
		{79178646-3A37-4881-9055-57A5681F34DD}.Debug|Any CPU.Build.0 = Debug|Any CPU
		{79178646-3A37-4881-9055-57A5681F34DD}.Release|Any CPU.ActiveCfg = Release|Any CPU
		{79178646-3A37-4881-9055-57A5681F34DD}.Release|Any CPU.Build.0 = Release|Any CPU
		{8C2BB6E9-9C58-4AAF-BC63-30B03A35F071}.Debug|Any CPU.ActiveCfg = Debug|Any CPU
		{8C2BB6E9-9C58-4AAF-BC63-30B03A35F071}.Debug|Any CPU.Build.0 = Debug|Any CPU
		{8C2BB6E9-9C58-4AAF-BC63-30B03A35F071}.Release|Any CPU.ActiveCfg = Release|Any CPU
		{8C2BB6E9-9C58-4AAF-BC63-30B03A35F071}.Release|Any CPU.Build.0 = Release|Any CPU
		{5C803316-1130-4F99-A7C7-E34A01240E02}.Debug|Any CPU.ActiveCfg = Debug|Any CPU
		{5C803316-1130-4F99-A7C7-E34A01240E02}.Debug|Any CPU.Build.0 = Debug|Any CPU
		{5C803316-1130-4F99-A7C7-E34A01240E02}.Release|Any CPU.ActiveCfg = Release|Any CPU
		{5C803316-1130-4F99-A7C7-E34A01240E02}.Release|Any CPU.Build.0 = Release|Any CPU
		{77B95C9B-1DCB-4A7F-A6DE-A9A30497CE94}.Debug|Any CPU.ActiveCfg = Debug|Any CPU
		{77B95C9B-1DCB-4A7F-A6DE-A9A30497CE94}.Debug|Any CPU.Build.0 = Debug|Any CPU
		{77B95C9B-1DCB-4A7F-A6DE-A9A30497CE94}.Release|Any CPU.ActiveCfg = Release|Any CPU
		{77B95C9B-1DCB-4A7F-A6DE-A9A30497CE94}.Release|Any CPU.Build.0 = Release|Any CPU
		{DB6F1FF1-CB71-4A70-85ED-96F06F6BCEA2}.Debug|Any CPU.ActiveCfg = Debug|Any CPU
		{DB6F1FF1-CB71-4A70-85ED-96F06F6BCEA2}.Debug|Any CPU.Build.0 = Debug|Any CPU
		{DB6F1FF1-CB71-4A70-85ED-96F06F6BCEA2}.Release|Any CPU.ActiveCfg = Release|Any CPU
		{DB6F1FF1-CB71-4A70-85ED-96F06F6BCEA2}.Release|Any CPU.Build.0 = Release|Any CPU
	EndGlobalSection
	GlobalSection(SolutionProperties) = preSolution
		HideSolutionNode = FALSE
	EndGlobalSection
EndGlobal
